{
  "version": "v1",
  "packages": {
    "@kinotic/structures-data": {
      "signature": "25c7412dd59ede4b4a316c8e08423c48",
      "link": true,
      "replaced": "^0.1.0"
    },
    "@kinotic/structures-api": {
      "signature": "04dd8f8916e0e686a7e5eadb2e69e092",
      "file": true,
      "replaced": "^2.0.0"
    }
  }
}